// !$*UTF8*$!
{
	archiveVersion = 1;
	classes = {
	};
	objectVersion = 46;
	objects = {

/* Begin PBXBuildFile section */
		43FC9B051B97D4A600B2E60C /* main.swift in Sources */ = {isa = PBXBuildFile; fileRef = 43FC9B041B97D4A600B2E60C /* main.swift */; };
/* End PBXBuildFile section */

/* Begin PBXCopyFilesBuildPhase section */
		43FC9AFF1B97D4A600B2E60C /* CopyFiles */ = {
			isa = PBXCopyFilesBuildPhase;
			buildActionMask = 2147483647;
			dstPath = /usr/share/man/man1/;
			dstSubfolderSpec = 0;
			files = (
			);
			runOnlyForDeploymentPostprocessing = 1;
		};
/* End PBXCopyFilesBuildPhase section */

/* Begin PBXFileReference section */
		43FC9B011B97D4A600B2E60C /* MaldonadoJulio-hw1 */ = {isa = PBXFileReference; explicitFileType = "compiled.mach-o.executable"; includeInIndex = 0; path = "MaldonadoJulio-hw1"; sourceTree = BUILT_PRODUCTS_DIR; };
		43FC9B041B97D4A600B2E60C /* main.swift */ = {isa = PBXFileReference; lastKnownFileType = sourcecode.swift; path = main.swift; sourceTree = "<group>"; };
/* End PBXFileReference section */

/* Begin PBXFrameworksBuildPhase section */
		43FC9AFE1B97D4A600B2E60C /* Frameworks */ = {
			isa = PBXFrameworksBuildPhase;
			buildActionMask = 2147483647;
			files = (
			);
			runOnlyForDeploymentPostprocessing = 0;
		};
/* End PBXFrameworksBuildPhase section */

/* Begin PBXGroup section */
		43FC9AF81B97D4A600B2E60C = {
			isa = PBXGroup;
			children = (
				43FC9B031B97D4A600B2E60C /* MaldonadoJulio-hw1 */,
				43FC9B021B97D4A600B2E60C /* Products */,
			);
			sourceTree = "<group>";
		};
		43FC9B021B97D4A600B2E60C /* Products */ = {
			isa = PBXGroup;
			children = (
				43FC9B011B97D4A600B2E60C /* MaldonadoJulio-hw1 */,
			);
			name = Products;
			sourceTree = "<group>";
		};
		43FC9B031B97D4A600B2E60C /* MaldonadoJulio-hw1 */ = {
			isa = PBXGroup;
			children = (
				43FC9B041B97D4A600B2E60C /* main.swift */,
			);
			path = "MaldonadoJulio-hw1";
			sourceTree = "<group>";
		};
/* End PBXGroup section */

/* Begin PBXNativeTarget section */
		43FC9B001B97D4A600B2E60C /* MaldonadoJulio-hw1 */ = {
			isa = PBXNativeTarget;
			buildConfigurationList = 43FC9B081B97D4A600B2E60C /* Build configuration list for PBXNativeTarget "MaldonadoJulio-hw1" */;
			buildPhases = (
				43FC9AFD1B97D4A600B2E60C /* Sources */,
				43FC9AFE1B97D4A600B2E60C /* Frameworks */,
				43FC9AFF1B97D4A600B2E60C /* CopyFiles */,
			);
			buildRules = (
			);
			dependencies = (
			);
			name = "MaldonadoJulio-hw1";
			productName = "MaldonadoJulio-hw1";
			productReference = 43FC9B011B97D4A600B2E60C /* MaldonadoJulio-hw1 */;
			productType = "com.apple.product-type.tool";
		};
/* End PBXNativeTarget section */

/* Begin PBXProject section */
		43FC9AF91B97D4A600B2E60C /* Project object */ = {
			isa = PBXProject;
			attributes = {
				LastUpgradeCheck = 0640;
				ORGANIZATIONNAME = "Julio Maldonado";
				TargetAttributes = {
					43FC9B001B97D4A600B2E60C = {
						CreatedOnToolsVersion = 6.4;
					};
				};
			};
			buildConfigurationList = 43FC9AFC1B97D4A600B2E60C /* Build configuration list for PBXProject "MaldonadoJulio-hw1" */;
			compatibilityVersion = "Xcode 3.2";
			developmentRegion = English;
			hasScannedForEncodings = 0;
			knownRegions = (
				en,
			);
			mainGroup = 43FC9AF81B97D4A600B2E60C;
			productRefGroup = 43FC9B021B97D4A600B2E60C /* Products */;
			projectDirPath = "";
			projectRoot = "";
			targets = (
				43FC9B001B97D4A600B2E60C /* MaldonadoJulio-hw1 */,
			);
		};
/* End PBXProject section */

/* Begin PBXSourcesBuildPhase section */
		43FC9AFD1B97D4A600B2E60C /* Sources */ = {
			isa = PBXSourcesBuildPhase;
			buildActionMask = 2147483647;
			files = (
				43FC9B051B97D4A600B2E60C /* main.swift in Sources */,
			);
			runOnlyForDeploymentPostprocessing = 0;
		};
/* End PBXSourcesBuildPhase section */

/* Begin XCBuildConfiguration section */
		43FC9B061B97D4A600B2E60C /* Debug */ = {
			isa = XCBuildConfiguration;
			buildSettings = {
				ALWAYS_SEARCH_USER_PATHS = NO;
				CLANG_CXX_LANGUAGE_STANDARD = "gnu++0x";
				CLANG_CXX_LIBRARY = "libc++";
				CLANG_ENABLE_MODULES = YES;
				CLANG_ENABLE_OBJC_ARC = YES;
				CLANG_WARN_BOOL_CONVERSION = YES;
				CLANG_WARN_CONSTANT_CONVERSION = YES;
				CLANG_WARN_DIRECT_OBJC_ISA_USAGE = YES_ERROR;
				CLANG_WARN_EMPTY_BODY = YES;
				CLANG_WARN_ENUM_CONVERSION = YES;
				CLANG_WARN_INT_CONVERSION = YES;
				CLANG_WARN_OBJC_ROOT_CLASS = YES_ERROR;
				CLANG_WARN_UNREACHABLE_CODE = YES;
				CLANG_WARN__DUPLICATE_METHOD_MATCH = YES;
				COPY_PHASE_STRIP = NO;
				DEBUG_INFORMATION_FORMAT = dwarf;
				ENABLE_STRICT_OBJC_MSGSEND = YES;
				GCC_C_LANGUAGE_STANDARD = gnu99;
				GCC_DYNAMIC_NO_PIC = NO;
				GCC_NO_COMMON_BLOCKS = YES;
				GCC_OPTIMIZATION_LEVEL = 0;
				GCC_PREPROCESSOR_DEFINITIONS = (
					"DEBUG=1",
					"$(inherited)",
				);
				GCC_SYMBOLS_PRIVATE_EXTERN = NO;
				GCC_WARN_64_TO_32_BIT_CONVERSION = YES;
				GCC_WARN_ABOUT_RETURN_TYPE = YES_ERROR;
				GCC_WARN_UNDECLARED_SELECTOR = YES;
				GCC_WARN_UNINITIALIZED_AUTOS = YES_AGGRESSIVE;
				GCC_WARN_UNUSED_FUNCTION = YES;
				GCC_WARN_UNUSED_VARIABLE = YES;
				MACOSX_DEPLOYMENT_TARGET = 10.10;
				MTL_ENABLE_DEBUG_INFO = YES;
				ONLY_ACTIVE_ARCH = YES;
				SDKROOT = macosx;
				SWIFT_OPTIMIZATION_LEVEL = "-Onone";
			};
			name = Debug;
		};
		43FC9B071B97D4A600B2E60C /* Release */ = {
			isa = XCBuildConfiguration;
			buildSettings = {
				ALWAYS_SEARCH_USER_PATHS = NO;
				CLANG_CXX_LANGUAGE_STANDARD = "gnu++0x";
				CLANG_CXX_LIBRARY = "libc++";
				CLANG_ENABLE_MODULES = YES;
				CLANG_ENABLE_OBJC_ARC = YES;
				CLANG_WARN_BOOL_CONVERSION = YES;
				CLANG_WARN_CONSTANT_CONVERSION = YES;
				CLANG_WARN_DIRECT_OBJC_ISA_USAGE = YES_ERROR;
				CLANG_WARN_EMPTY_BODY = YES;
				CLANG_WARN_ENUM_CONVERSION = YES;
				CLANG_WARN_INT_CONVERSION = YES;
				CLANG_WARN_OBJC_ROOT_CLASS = YES_ERROR;
				CLANG_WARN_UNREACHABLE_CODE = YES;
				CLANG_WARN__DUPLICATE_METHOD_MATCH = YES;
				COPY_PHASE_STRIP = NO;
				DEBUG_INFORMATION_FORMAT = "dwarf-with-dsym";
				ENABLE_NS_ASSERTIONS = NO;
				ENABLE_STRICT_OBJC_MSGSEND = YES;
				GCC_C_LANGUAGE_STANDARD = gnu99;
				GCC_NO_COMMON_BLOCKS = YES;
				GCC_WARN_64_TO_32_BIT_CONVERSION = YES;
				GCC_WARN_ABOUT_RETURN_TYPE = YES_ERROR;
				GCC_WARN_UNDECLARED_SELECTOR = YES;
				GCC_WARN_UNINITIALIZED_AUTOS = YES_AGGRESSIVE;
				GCC_WARN_UNUSED_FUNCTION = YES;
				GCC_WARN_UNUSED_VARIABLE = YES;
				MACOSX_DEPLOYMENT_TARGET = 10.10;
				MTL_ENABLE_DEBUG_INFO = NO;
				SDKROOT = macosx;
			};
			name = Release;
		};
		43FC9B091B97D4A600B2E60C /* Debug */ = {
			isa = XCBuildConfiguration;
			buildSettings = {
				PRODUCT_NAME = "$(TARGET_NAME)";
			};
			name = Debug;
		};
		43FC9B0A1B97D4A600B2E60C /* Release */ = {
			isa = XCBuildConfiguration;
			buildSettings = {
				PRODUCT_NAME = "$(TARGET_NAME)";
			};
			name = Release;
		};
/* End XCBuildConfiguration section */

/* Begin XCConfigurationList section */
		43FC9AFC1B97D4A600B2E60C /* Build configuration list for PBXProject "MaldonadoJulio-hw1" */ = {
			isa = XCConfigurationList;
			buildConfigurations = (
				43FC9B061B97D4A600B2E60C /* Debug */,
				43FC9B071B97D4A600B2E60C /* Release */,
			);
			defaultConfigurationIsVisible = 0;
			defaultConfigurationName = Release;
		};
		43FC9B081B97D4A600B2E60C /* Build configuration list for PBXNativeTarget "MaldonadoJulio-hw1" */ = {
			isa = XCConfigurationList;
			buildConfigurations = (
				43FC9B091B97D4A600B2E60C /* Debug */,
				43FC9B0A1B97D4A600B2E60C /* Release */,
			);
			defaultConfigurationIsVisible = 0;
		};
/* End XCConfigurationList section */
	};
	rootObject = 43FC9AF91B97D4A600B2E60C /* Project object */;
}
